{
  "name": "pull-review",
  "version": "2.0.0-rc.7",
  "dependencies": {
    "accepts": {
      "version": "1.3.4",
      "from": "accepts@>=1.3.3 <1.4.0",
      "resolved": "https://registry.npmjs.org/accepts/-/accepts-1.3.4.tgz"
    },
    "agent-base": {
      "version": "2.1.1",
      "from": "agent-base@>=2.0.0 <3.0.0",
      "resolved": "https://registry.npmjs.org/agent-base/-/agent-base-2.1.1.tgz"
    },
    "argparse": {
      "version": "1.0.9",
      "from": "argparse@>=1.0.7 <2.0.0",
      "resolved": "https://registry.npmjs.org/argparse/-/argparse-1.0.9.tgz"
    },
    "array-flatten": {
      "version": "1.1.1",
      "from": "array-flatten@1.1.1",
      "resolved": "https://registry.npmjs.org/array-flatten/-/array-flatten-1.1.1.tgz"
    },
    "balanced-match": {
      "version": "1.0.0",
      "from": "balanced-match@>=1.0.0 <2.0.0",
      "resolved": "https://registry.npmjs.org/balanced-match/-/balanced-match-1.0.0.tgz"
    },
    "body-parser": {
      "version": "1.18.1",
      "from": "body-parser@>=1.18.0 <1.19.0",
      "resolved": "https://registry.npmjs.org/body-parser/-/body-parser-1.18.1.tgz",
      "dependencies": {
        "debug": {
          "version": "2.6.8",
          "from": "debug@2.6.8",
          "resolved": "https://registry.npmjs.org/debug/-/debug-2.6.8.tgz"
        }
      }
    },
    "brace-expansion": {
      "version": "1.1.8",
      "from": "brace-expansion@>=1.1.7 <2.0.0",
      "resolved": "https://registry.npmjs.org/brace-expansion/-/brace-expansion-1.1.8.tgz"
    },
    "bytes": {
      "version": "3.0.0",
      "from": "bytes@3.0.0",
      "resolved": "https://registry.npmjs.org/bytes/-/bytes-3.0.0.tgz"
    },
    "clone": {
      "version": "1.0.2",
      "from": "clone@>=1.0.2 <2.0.0",
      "resolved": "https://registry.npmjs.org/clone/-/clone-1.0.2.tgz"
    },
    "commander": {
      "version": "2.11.0",
      "from": "commander@>=2.11.0 <2.12.0",
      "resolved": "https://registry.npmjs.org/commander/-/commander-2.11.0.tgz"
    },
    "concat-map": {
      "version": "0.0.1",
      "from": "concat-map@0.0.1",
      "resolved": "https://registry.npmjs.org/concat-map/-/concat-map-0.0.1.tgz"
    },
    "content-disposition": {
      "version": "0.5.2",
      "from": "content-disposition@0.5.2",
      "resolved": "https://registry.npmjs.org/content-disposition/-/content-disposition-0.5.2.tgz"
    },
    "content-type": {
      "version": "1.0.4",
      "from": "content-type@>=1.0.4 <1.1.0",
      "resolved": "https://registry.npmjs.org/content-type/-/content-type-1.0.4.tgz"
    },
    "cookie": {
      "version": "0.3.1",
      "from": "cookie@0.3.1",
      "resolved": "https://registry.npmjs.org/cookie/-/cookie-0.3.1.tgz"
    },
    "cookie-signature": {
      "version": "1.0.6",
      "from": "cookie-signature@1.0.6",
      "resolved": "https://registry.npmjs.org/cookie-signature/-/cookie-signature-1.0.6.tgz"
    },
    "debug": {
      "version": "3.0.1",
      "from": "debug@>=3.0.0 <3.1.0",
      "resolved": "https://registry.npmjs.org/debug/-/debug-3.0.1.tgz"
    },
    "defaults": {
      "version": "1.0.3",
      "from": "defaults@>=1.0.3 <2.0.0",
      "resolved": "https://registry.npmjs.org/defaults/-/defaults-1.0.3.tgz"
    },
    "depd": {
      "version": "1.1.1",
      "from": "depd@>=1.1.1 <1.2.0",
      "resolved": "https://registry.npmjs.org/depd/-/depd-1.1.1.tgz"
    },
    "destroy": {
      "version": "1.0.4",
      "from": "destroy@>=1.0.4 <1.1.0",
      "resolved": "https://registry.npmjs.org/destroy/-/destroy-1.0.4.tgz"
    },
    "ee-first": {
      "version": "1.1.1",
      "from": "ee-first@1.1.1",
      "resolved": "https://registry.npmjs.org/ee-first/-/ee-first-1.1.1.tgz"
    },
    "encodeurl": {
      "version": "1.0.1",
      "from": "encodeurl@>=1.0.1 <1.1.0",
      "resolved": "https://registry.npmjs.org/encodeurl/-/encodeurl-1.0.1.tgz"
    },
    "escape-html": {
      "version": "1.0.3",
      "from": "escape-html@>=1.0.3 <1.1.0",
      "resolved": "https://registry.npmjs.org/escape-html/-/escape-html-1.0.3.tgz"
    },
    "esprima": {
      "version": "3.1.3",
      "from": "esprima@>=3.1.1 <4.0.0",
      "resolved": "https://registry.npmjs.org/esprima/-/esprima-3.1.3.tgz"
    },
    "etag": {
      "version": "1.8.1",
      "from": "etag@>=1.8.0 <1.9.0",
      "resolved": "https://registry.npmjs.org/etag/-/etag-1.8.1.tgz"
    },
    "express": {
      "version": "4.15.4",
      "from": "express@>=4.15.0 <4.16.0",
      "resolved": "https://registry.npmjs.org/express/-/express-4.15.4.tgz",
      "dependencies": {
        "debug": {
          "version": "2.6.8",
          "from": "debug@2.6.8",
          "resolved": "https://registry.npmjs.org/debug/-/debug-2.6.8.tgz"
        },
        "qs": {
          "version": "6.5.0",
          "from": "qs@6.5.0",
          "resolved": "https://registry.npmjs.org/qs/-/qs-6.5.0.tgz"
        }
      }
    },
    "express-rate-limit": {
      "version": "2.9.0",
      "from": "express-rate-limit@>=2.9.0 <2.10.0",
      "resolved": "https://registry.npmjs.org/express-rate-limit/-/express-rate-limit-2.9.0.tgz"
    },
    "extend": {
      "version": "3.0.1",
      "from": "extend@>=3.0.0 <4.0.0",
      "resolved": "https://registry.npmjs.org/extend/-/extend-3.0.1.tgz"
    },
    "finalhandler": {
      "version": "1.0.5",
      "from": "finalhandler@>=1.0.4 <1.1.0",
      "resolved": "https://registry.npmjs.org/finalhandler/-/finalhandler-1.0.5.tgz",
      "dependencies": {
        "debug": {
          "version": "2.6.8",
          "from": "debug@2.6.8",
          "resolved": "https://registry.npmjs.org/debug/-/debug-2.6.8.tgz"
        }
      }
    },
    "follow-redirects": {
      "version": "0.0.7",
      "from": "follow-redirects@0.0.7",
      "resolved": "https://registry.npmjs.org/follow-redirects/-/follow-redirects-0.0.7.tgz",
      "dependencies": {
        "debug": {
          "version": "2.6.8",
          "from": "debug@>=2.2.0 <3.0.0",
          "resolved": "https://registry.npmjs.org/debug/-/debug-2.6.8.tgz"
        }
      }
    },
    "forwarded": {
      "version": "0.1.2",
      "from": "forwarded@>=0.1.0 <0.2.0",
      "resolved": "https://registry.npmjs.org/forwarded/-/forwarded-0.1.2.tgz"
    },
    "fresh": {
      "version": "0.5.0",
      "from": "fresh@0.5.0",
      "resolved": "https://registry.npmjs.org/fresh/-/fresh-0.5.0.tgz"
    },
    "github": {
      "version": "10.0.0",
      "from": "github@>=10.0.0 <10.1.0",
      "resolved": "https://registry.npmjs.org/github/-/github-10.0.0.tgz"
    },
    "github-graphql-client": {
      "version": "1.0.0",
      "from": "github-graphql-client@>=1.0.0 <1.1.0",
      "resolved": "https://registry.npmjs.org/github-graphql-client/-/github-graphql-client-1.0.0.tgz"
    },
    "http-errors": {
      "version": "1.6.2",
      "from": "http-errors@>=1.6.2 <1.7.0",
      "resolved": "https://registry.npmjs.org/http-errors/-/http-errors-1.6.2.tgz"
    },
    "https-proxy-agent": {
      "version": "1.0.0",
      "from": "https-proxy-agent@>=1.0.0 <2.0.0",
      "resolved": "https://registry.npmjs.org/https-proxy-agent/-/https-proxy-agent-1.0.0.tgz",
      "dependencies": {
        "debug": {
          "version": "2.6.8",
          "from": "debug@>=2.0.0 <3.0.0",
          "resolved": "https://registry.npmjs.org/debug/-/debug-2.6.8.tgz"
        }
      }
    },
    "iconv-lite": {
      "version": "0.4.19",
      "from": "iconv-lite@0.4.19",
      "resolved": "https://registry.npmjs.org/iconv-lite/-/iconv-lite-0.4.19.tgz"
    },
    "inherits": {
      "version": "2.0.3",
      "from": "inherits@2.0.3",
      "resolved": "https://registry.npmjs.org/inherits/-/inherits-2.0.3.tgz"
    },
    "ip-regex": {
      "version": "1.0.3",
      "from": "ip-regex@>=1.0.1 <2.0.0",
      "resolved": "https://registry.npmjs.org/ip-regex/-/ip-regex-1.0.3.tgz"
    },
    "ipaddr.js": {
      "version": "1.4.0",
      "from": "ipaddr.js@1.4.0",
      "resolved": "https://registry.npmjs.org/ipaddr.js/-/ipaddr.js-1.4.0.tgz"
    },
    "is-plain-obj": {
      "version": "1.1.0",
      "from": "is-plain-obj@>=1.0.0 <2.0.0",
      "resolved": "https://registry.npmjs.org/is-plain-obj/-/is-plain-obj-1.1.0.tgz"
    },
    "js-yaml": {
      "version": "3.8.4",
      "from": "js-yaml@>=3.8.0 <3.9.0",
      "resolved": "https://registry.npmjs.org/js-yaml/-/js-yaml-3.8.4.tgz"
    },
    "knuth-shuffle": {
      "version": "1.0.1",
      "from": "knuth-shuffle@>=1.0.0 <1.1.0",
      "resolved": "https://registry.npmjs.org/knuth-shuffle/-/knuth-shuffle-1.0.1.tgz"
    },
    "media-typer": {
      "version": "0.3.0",
      "from": "media-typer@0.3.0",
      "resolved": "https://registry.npmjs.org/media-typer/-/media-typer-0.3.0.tgz"
    },
    "merge-descriptors": {
      "version": "1.0.1",
      "from": "merge-descriptors@1.0.1",
      "resolved": "https://registry.npmjs.org/merge-descriptors/-/merge-descriptors-1.0.1.tgz"
    },
    "methods": {
      "version": "1.1.2",
      "from": "methods@>=1.1.2 <1.2.0",
      "resolved": "https://registry.npmjs.org/methods/-/methods-1.1.2.tgz"
    },
    "mime": {
      "version": "1.3.4",
      "from": "mime@1.3.4",
      "resolved": "https://registry.npmjs.org/mime/-/mime-1.3.4.tgz"
    },
    "mime-db": {
      "version": "1.30.0",
      "from": "mime-db@>=1.30.0 <1.31.0",
      "resolved": "https://registry.npmjs.org/mime-db/-/mime-db-1.30.0.tgz"
    },
    "mime-types": {
      "version": "2.1.17",
      "from": "mime-types@>=2.1.15 <2.2.0",
      "resolved": "https://registry.npmjs.org/mime-types/-/mime-types-2.1.17.tgz"
    },
    "minimatch": {
      "version": "3.0.4",
      "from": "minimatch@>=3.0.0 <3.1.0",
      "resolved": "https://registry.npmjs.org/minimatch/-/minimatch-3.0.4.tgz"
    },
    "ms": {
      "version": "2.0.0",
      "from": "ms@2.0.0",
      "resolved": "https://registry.npmjs.org/ms/-/ms-2.0.0.tgz"
    },
    "native-promise-only": {
      "version": "0.8.1",
      "from": "native-promise-only@>=0.8.0 <0.9.0",
      "resolved": "https://registry.npmjs.org/native-promise-only/-/native-promise-only-0.8.1.tgz"
    },
    "negotiator": {
      "version": "0.6.1",
      "from": "negotiator@0.6.1",
      "resolved": "https://registry.npmjs.org/negotiator/-/negotiator-0.6.1.tgz"
    },
    "netrc": {
      "version": "0.1.4",
      "from": "netrc@>=0.1.4 <0.2.0",
      "resolved": "https://registry.npmjs.org/netrc/-/netrc-0.1.4.tgz"
    },
    "normalize-url": {
      "version": "1.9.1",
      "from": "normalize-url@>=1.9.0 <1.10.0",
      "resolved": "https://registry.npmjs.org/normalize-url/-/normalize-url-1.9.1.tgz"
    },
    "object-assign": {
      "version": "4.1.1",
      "from": "object-assign@>=4.0.1 <5.0.0",
      "resolved": "https://registry.npmjs.org/object-assign/-/object-assign-4.1.1.tgz"
    },
    "on-finished": {
      "version": "2.3.0",
      "from": "on-finished@>=2.3.0 <2.4.0",
      "resolved": "https://registry.npmjs.org/on-finished/-/on-finished-2.3.0.tgz"
    },
    "parseurl": {
      "version": "1.3.2",
      "from": "parseurl@>=1.3.1 <1.4.0",
      "resolved": "https://registry.npmjs.org/parseurl/-/parseurl-1.3.2.tgz"
    },
    "path-to-regexp": {
      "version": "0.1.7",
      "from": "path-to-regexp@0.1.7",
      "resolved": "https://registry.npmjs.org/path-to-regexp/-/path-to-regexp-0.1.7.tgz"
    },
    "prepend-http": {
      "version": "1.0.4",
      "from": "prepend-http@>=1.0.0 <2.0.0",
      "resolved": "https://registry.npmjs.org/prepend-http/-/prepend-http-1.0.4.tgz"
    },
    "proxy-addr": {
      "version": "1.1.5",
      "from": "proxy-addr@>=1.1.5 <1.2.0",
      "resolved": "https://registry.npmjs.org/proxy-addr/-/proxy-addr-1.1.5.tgz"
    },
    "qs": {
      "version": "6.5.1",
      "from": "qs@6.5.1",
      "resolved": "https://registry.npmjs.org/qs/-/qs-6.5.1.tgz"
    },
    "query-string": {
      "version": "4.3.4",
      "from": "query-string@>=4.1.0 <5.0.0",
      "resolved": "https://registry.npmjs.org/query-string/-/query-string-4.3.4.tgz"
    },
    "range-parser": {
      "version": "1.2.0",
      "from": "range-parser@>=1.2.0 <1.3.0",
      "resolved": "https://registry.npmjs.org/range-parser/-/range-parser-1.2.0.tgz"
    },
    "raw-body": {
      "version": "2.3.2",
      "from": "raw-body@2.3.2",
      "resolved": "https://registry.npmjs.org/raw-body/-/raw-body-2.3.2.tgz"
    },
    "semver": {
      "version": "5.0.3",
      "from": "semver@>=5.0.1 <5.1.0",
      "resolved": "https://registry.npmjs.org/semver/-/semver-5.0.3.tgz"
    },
    "send": {
      "version": "0.15.4",
      "from": "send@0.15.4",
      "resolved": "https://registry.npmjs.org/send/-/send-0.15.4.tgz",
      "dependencies": {
        "debug": {
          "version": "2.6.8",
          "from": "debug@2.6.8",
          "resolved": "https://registry.npmjs.org/debug/-/debug-2.6.8.tgz"
        }
      }
    },
    "serve-static": {
      "version": "1.12.4",
      "from": "serve-static@1.12.4",
      "resolved": "https://registry.npmjs.org/serve-static/-/serve-static-1.12.4.tgz"
    },
    "setprototypeof": {
      "version": "1.0.3",
      "from": "setprototypeof@1.0.3",
      "resolved": "https://registry.npmjs.org/setprototypeof/-/setprototypeof-1.0.3.tgz"
    },
    "sort-keys": {
      "version": "1.1.2",
      "from": "sort-keys@>=1.0.0 <2.0.0",
      "resolved": "https://registry.npmjs.org/sort-keys/-/sort-keys-1.1.2.tgz"
    },
    "sprintf-js": {
      "version": "1.0.3",
      "from": "sprintf-js@>=1.0.2 <1.1.0",
      "resolved": "https://registry.npmjs.org/sprintf-js/-/sprintf-js-1.0.3.tgz"
    },
    "statuses": {
      "version": "1.3.1",
      "from": "statuses@>=1.3.1 <2.0.0",
      "resolved": "https://registry.npmjs.org/statuses/-/statuses-1.3.1.tgz"
    },
    "stream-consume": {
      "version": "0.1.0",
      "from": "stream-consume@>=0.1.0 <0.2.0",
      "resolved": "https://registry.npmjs.org/stream-consume/-/stream-consume-0.1.0.tgz"
    },
    "strict-uri-encode": {
      "version": "1.1.0",
      "from": "strict-uri-encode@>=1.0.0 <2.0.0",
      "resolved": "https://registry.npmjs.org/strict-uri-encode/-/strict-uri-encode-1.1.0.tgz"
    },
    "type-is": {
      "version": "1.6.15",
      "from": "type-is@>=1.6.15 <1.7.0",
      "resolved": "https://registry.npmjs.org/type-is/-/type-is-1.6.15.tgz"
    },
    "unpipe": {
      "version": "1.0.0",
      "from": "unpipe@1.0.0",
      "resolved": "https://registry.npmjs.org/unpipe/-/unpipe-1.0.0.tgz"
    },
    "url-regex": {
      "version": "3.2.0",
      "from": "url-regex@>=3.2.0 <3.3.0",
      "resolved": "https://registry.npmjs.org/url-regex/-/url-regex-3.2.0.tgz"
    },
    "utils-merge": {
      "version": "1.0.0",
      "from": "utils-merge@1.0.0",
      "resolved": "https://registry.npmjs.org/utils-merge/-/utils-merge-1.0.0.tgz"
    },
    "vary": {
      "version": "1.1.1",
      "from": "vary@>=1.1.1 <1.2.0",
      "resolved": "https://registry.npmjs.org/vary/-/vary-1.1.1.tgz"
    }
  }
}
